// !$*UTF8*$!
{
	archiveVersion = 1;
	classes = {
	};
	objectVersion = 55;
	objects = {

/* Begin PBXBuildFile section */
		1286BCA72A541DE5007B1BB7 /* Project_ExpoApp.swift in Sources */ = {isa = PBXBuildFile; fileRef = 1286BCA62A541DE5007B1BB7 /* Project_ExpoApp.swift */; };
		1286BCA92A541DE5007B1BB7 /* ContentView.swift in Sources */ = {isa = PBXBuildFile; fileRef = 1286BCA82A541DE5007B1BB7 /* ContentView.swift */; };
		1286BCAB2A541DE7007B1BB7 /* Assets.xcassets in Resources */ = {isa = PBXBuildFile; fileRef = 1286BCAA2A541DE7007B1BB7 /* Assets.xcassets */; };
		1286BCAE2A541DE7007B1BB7 /* Preview Assets.xcassets in Resources */ = {isa = PBXBuildFile; fileRef = 1286BCAD2A541DE7007B1BB7 /* Preview Assets.xcassets */; };
		1286BCB82A541DE7007B1BB7 /* Project_ExpoTests.swift in Sources */ = {isa = PBXBuildFile; fileRef = 1286BCB72A541DE7007B1BB7 /* Project_ExpoTests.swift */; };
		1286BCC22A541DE7007B1BB7 /* Project_ExpoUITests.swift in Sources */ = {isa = PBXBuildFile; fileRef = 1286BCC12A541DE7007B1BB7 /* Project_ExpoUITests.swift */; };
		1286BCC42A541DE7007B1BB7 /* Project_ExpoUITestsLaunchTests.swift in Sources */ = {isa = PBXBuildFile; fileRef = 1286BCC32A541DE7007B1BB7 /* Project_ExpoUITestsLaunchTests.swift */; };
/* End PBXBuildFile section */

/* Begin PBXContainerItemProxy section */
		1286BCB42A541DE7007B1BB7 /* PBXContainerItemProxy */ = {
			isa = PBXContainerItemProxy;
			containerPortal = 1286BC9B2A541DE4007B1BB7 /* Project object */;
			proxyType = 1;
			remoteGlobalIDString = 1286BCA22A541DE4007B1BB7;
			remoteInfo = "Project Expo";
		};
		1286BCBE2A541DE7007B1BB7 /* PBXContainerItemProxy */ = {
			isa = PBXContainerItemProxy;
			containerPortal = 1286BC9B2A541DE4007B1BB7 /* Project object */;
			proxyType = 1;
			remoteGlobalIDString = 1286BCA22A541DE4007B1BB7;
			remoteInfo = "Project Expo";
		};
/* End PBXContainerItemProxy section */

/* Begin PBXFileReference section */
		1286BCA32A541DE5007B1BB7 /* Project Expo.app */ = {isa = PBXFileReference; explicitFileType = wrapper.application; includeInIndex = 0; path = "Project Expo.app"; sourceTree = BUILT_PRODUCTS_DIR; };
		1286BCA62A541DE5007B1BB7 /* Project_ExpoApp.swift */ = {isa = PBXFileReference; lastKnownFileType = sourcecode.swift; path = Project_ExpoApp.swift; sourceTree = "<group>"; };
		1286BCA82A541DE5007B1BB7 /* ContentView.swift */ = {isa = PBXFileReference; lastKnownFileType = sourcecode.swift; path = ContentView.swift; sourceTree = "<group>"; };
		1286BCAA2A541DE7007B1BB7 /* Assets.xcassets */ = {isa = PBXFileReference; lastKnownFileType = folder.assetcatalog; path = Assets.xcassets; sourceTree = "<group>"; };
		1286BCAD2A541DE7007B1BB7 /* Preview Assets.xcassets */ = {isa = PBXFileReference; lastKnownFileType = folder.assetcatalog; path = "Preview Assets.xcassets"; sourceTree = "<group>"; };
		1286BCB32A541DE7007B1BB7 /* Project ExpoTests.xctest */ = {isa = PBXFileReference; explicitFileType = wrapper.cfbundle; includeInIndex = 0; path = "Project ExpoTests.xctest"; sourceTree = BUILT_PRODUCTS_DIR; };
		1286BCB72A541DE7007B1BB7 /* Project_ExpoTests.swift */ = {isa = PBXFileReference; lastKnownFileType = sourcecode.swift; path = Project_ExpoTests.swift; sourceTree = "<group>"; };
		1286BCBD2A541DE7007B1BB7 /* Project ExpoUITests.xctest */ = {isa = PBXFileReference; explicitFileType = wrapper.cfbundle; includeInIndex = 0; path = "Project ExpoUITests.xctest"; sourceTree = BUILT_PRODUCTS_DIR; };
		1286BCC12A541DE7007B1BB7 /* Project_ExpoUITests.swift */ = {isa = PBXFileReference; lastKnownFileType = sourcecode.swift; path = Project_ExpoUITests.swift; sourceTree = "<group>"; };
		1286BCC32A541DE7007B1BB7 /* Project_ExpoUITestsLaunchTests.swift */ = {isa = PBXFileReference; lastKnownFileType = sourcecode.swift; path = Project_ExpoUITestsLaunchTests.swift; sourceTree = "<group>"; };
/* End PBXFileReference section */

/* Begin PBXFrameworksBuildPhase section */
		1286BCA02A541DE4007B1BB7 /* Frameworks */ = {
			isa = PBXFrameworksBuildPhase;
			buildActionMask = 2147483647;
			files = (
			);
			runOnlyForDeploymentPostprocessing = 0;
		};
		1286BCB02A541DE7007B1BB7 /* Frameworks */ = {
			isa = PBXFrameworksBuildPhase;
			buildActionMask = 2147483647;
			files = (
			);
			runOnlyForDeploymentPostprocessing = 0;
		};
		1286BCBA2A541DE7007B1BB7 /* Frameworks */ = {
			isa = PBXFrameworksBuildPhase;
			buildActionMask = 2147483647;
			files = (
			);
			runOnlyForDeploymentPostprocessing = 0;
		};
/* End PBXFrameworksBuildPhase section */

/* Begin PBXGroup section */
		1286BC9A2A541DE4007B1BB7 = {
			isa = PBXGroup;
			children = (
				1286BCA52A541DE5007B1BB7 /* Project Expo */,
				1286BCB62A541DE7007B1BB7 /* Project ExpoTests */,
				1286BCC02A541DE7007B1BB7 /* Project ExpoUITests */,
				1286BCA42A541DE5007B1BB7 /* Products */,
			);
			sourceTree = "<group>";
		};
		1286BCA42A541DE5007B1BB7 /* Products */ = {
			isa = PBXGroup;
			children = (
				1286BCA32A541DE5007B1BB7 /* Project Expo.app */,
				1286BCB32A541DE7007B1BB7 /* Project ExpoTests.xctest */,
				1286BCBD2A541DE7007B1BB7 /* Project ExpoUITests.xctest */,
			);
			name = Products;
			sourceTree = "<group>";
		};
		1286BCA52A541DE5007B1BB7 /* Project Expo */ = {
			isa = PBXGroup;
			children = (
				1286BCA62A541DE5007B1BB7 /* Project_ExpoApp.swift */,
				1286BCA82A541DE5007B1BB7 /* ContentView.swift */,
				1286BCAA2A541DE7007B1BB7 /* Assets.xcassets */,
				1286BCAC2A541DE7007B1BB7 /* Preview Content */,
			);
			path = "Project Expo";
			sourceTree = "<group>";
		};
		1286BCAC2A541DE7007B1BB7 /* Preview Content */ = {
			isa = PBXGroup;
			children = (
				1286BCAD2A541DE7007B1BB7 /* Preview Assets.xcassets */,
			);
			path = "Preview Content";
			sourceTree = "<group>";
		};
		1286BCB62A541DE7007B1BB7 /* Project ExpoTests */ = {
			isa = PBXGroup;
			children = (
				1286BCB72A541DE7007B1BB7 /* Project_ExpoTests.swift */,
			);
			path = "Project ExpoTests";
			sourceTree = "<group>";
		};
		1286BCC02A541DE7007B1BB7 /* Project ExpoUITests */ = {
			isa = PBXGroup;
			children = (
				1286BCC12A541DE7007B1BB7 /* Project_ExpoUITests.swift */,
				1286BCC32A541DE7007B1BB7 /* Project_ExpoUITestsLaunchTests.swift */,
			);
			path = "Project ExpoUITests";
			sourceTree = "<group>";
		};
/* End PBXGroup section */

/* Begin PBXNativeTarget section */
		1286BCA22A541DE4007B1BB7 /* Project Expo */ = {
			isa = PBXNativeTarget;
			buildConfigurationList = 1286BCC72A541DE7007B1BB7 /* Build configuration list for PBXNativeTarget "Project Expo" */;
			buildPhases = (
				1286BC9F2A541DE4007B1BB7 /* Sources */,
				1286BCA02A541DE4007B1BB7 /* Frameworks */,
				1286BCA12A541DE4007B1BB7 /* Resources */,
			);
			buildRules = (
			);
			dependencies = (
			);
			name = "Project Expo";
			productName = "Project Expo";
			productReference = 1286BCA32A541DE5007B1BB7 /* Project Expo.app */;
			productType = "com.apple.product-type.application";
		};
		1286BCB22A541DE7007B1BB7 /* Project ExpoTests */ = {
			isa = PBXNativeTarget;
			buildConfigurationList = 1286BCCA2A541DE7007B1BB7 /* Build configuration list for PBXNativeTarget "Project ExpoTests" */;
			buildPhases = (
				1286BCAF2A541DE7007B1BB7 /* Sources */,
				1286BCB02A541DE7007B1BB7 /* Frameworks */,
				1286BCB12A541DE7007B1BB7 /* Resources */,
			);
			buildRules = (
			);
			dependencies = (
				1286BCB52A541DE7007B1BB7 /* PBXTargetDependency */,
			);
			name = "Project ExpoTests";
			productName = "Project ExpoTests";
			productReference = 1286BCB32A541DE7007B1BB7 /* Project ExpoTests.xctest */;
			productType = "com.apple.product-type.bundle.unit-test";
		};
		1286BCBC2A541DE7007B1BB7 /* Project ExpoUITests */ = {
			isa = PBXNativeTarget;
			buildConfigurationList = 1286BCCD2A541DE7007B1BB7 /* Build configuration list for PBXNativeTarget "Project ExpoUITests" */;
			buildPhases = (
				1286BCB92A541DE7007B1BB7 /* Sources */,
				1286BCBA2A541DE7007B1BB7 /* Frameworks */,
				1286BCBB2A541DE7007B1BB7 /* Resources */,
			);
			buildRules = (
			);
			dependencies = (
				1286BCBF2A541DE7007B1BB7 /* PBXTargetDependency */,
			);
			name = "Project ExpoUITests";
			productName = "Project ExpoUITests";
			productReference = 1286BCBD2A541DE7007B1BB7 /* Project ExpoUITests.xctest */;
			productType = "com.apple.product-type.bundle.ui-testing";
		};
/* End PBXNativeTarget section */

/* Begin PBXProject section */
		1286BC9B2A541DE4007B1BB7 /* Project object */ = {
			isa = PBXProject;
			attributes = {
				BuildIndependentTargetsInParallel = 1;
				LastSwiftUpdateCheck = 1320;
				LastUpgradeCheck = 1320;
				TargetAttributes = {
					1286BCA22A541DE4007B1BB7 = {
						CreatedOnToolsVersion = 13.2.1;
					};
					1286BCB22A541DE7007B1BB7 = {
						CreatedOnToolsVersion = 13.2.1;
						TestTargetID = 1286BCA22A541DE4007B1BB7;
					};
					1286BCBC2A541DE7007B1BB7 = {
						CreatedOnToolsVersion = 13.2.1;
						TestTargetID = 1286BCA22A541DE4007B1BB7;
					};
				};
			};
			buildConfigurationList = 1286BC9E2A541DE4007B1BB7 /* Build configuration list for PBXProject "Project Expo" */;
			compatibilityVersion = "Xcode 13.0";
			developmentRegion = en;
			hasScannedForEncodings = 0;
			knownRegions = (
				en,
				Base,
			);
			mainGroup = 1286BC9A2A541DE4007B1BB7;
			productRefGroup = 1286BCA42A541DE5007B1BB7 /* Products */;
			projectDirPath = "";
			projectRoot = "";
			targets = (
				1286BCA22A541DE4007B1BB7 /* Project Expo */,
				1286BCB22A541DE7007B1BB7 /* Project ExpoTests */,
				1286BCBC2A541DE7007B1BB7 /* Project ExpoUITests */,
			);
		};
/* End PBXProject section */

/* Begin PBXResourcesBuildPhase section */
		1286BCA12A541DE4007B1BB7 /* Resources */ = {
			isa = PBXResourcesBuildPhase;
			buildActionMask = 2147483647;
			files = (
				1286BCAE2A541DE7007B1BB7 /* Preview Assets.xcassets in Resources */,
				1286BCAB2A541DE7007B1BB7 /* Assets.xcassets in Resources */,
			);
			runOnlyForDeploymentPostprocessing = 0;
		};
		1286BCB12A541DE7007B1BB7 /* Resources */ = {
			isa = PBXResourcesBuildPhase;
			buildActionMask = 2147483647;
			files = (
			);
			runOnlyForDeploymentPostprocessing = 0;
		};
		1286BCBB2A541DE7007B1BB7 /* Resources */ = {
			isa = PBXResourcesBuildPhase;
			buildActionMask = 2147483647;
			files = (
			);
			runOnlyForDeploymentPostprocessing = 0;
		};
/* End PBXResourcesBuildPhase section */

/* Begin PBXSourcesBuildPhase section */
		1286BC9F2A541DE4007B1BB7 /* Sources */ = {
			isa = PBXSourcesBuildPhase;
			buildActionMask = 2147483647;
			files = (
				1286BCA92A541DE5007B1BB7 /* ContentView.swift in Sources */,
				1286BCA72A541DE5007B1BB7 /* Project_ExpoApp.swift in Sources */,
			);
			runOnlyForDeploymentPostprocessing = 0;
		};
		1286BCAF2A541DE7007B1BB7 /* Sources */ = {
			isa = PBXSourcesBuildPhase;
			buildActionMask = 2147483647;
			files = (
				1286BCB82A541DE7007B1BB7 /* Project_ExpoTests.swift in Sources */,
			);
			runOnlyForDeploymentPostprocessing = 0;
		};
		1286BCB92A541DE7007B1BB7 /* Sources */ = {
			isa = PBXSourcesBuildPhase;
			buildActionMask = 2147483647;
			files = (
				1286BCC42A541DE7007B1BB7 /* Project_ExpoUITestsLaunchTests.swift in Sources */,
				1286BCC22A541DE7007B1BB7 /* Project_ExpoUITests.swift in Sources */,
			);
			runOnlyForDeploymentPostprocessing = 0;
		};
/* End PBXSourcesBuildPhase section */

/* Begin PBXTargetDependency section */
		1286BCB52A541DE7007B1BB7 /* PBXTargetDependency */ = {
			isa = PBXTargetDependency;
			target = 1286BCA22A541DE4007B1BB7 /* Project Expo */;
			targetProxy = 1286BCB42A541DE7007B1BB7 /* PBXContainerItemProxy */;
		};
		1286BCBF2A541DE7007B1BB7 /* PBXTargetDependency */ = {
			isa = PBXTargetDependency;
			target = 1286BCA22A541DE4007B1BB7 /* Project Expo */;
			targetProxy = 1286BCBE2A541DE7007B1BB7 /* PBXContainerItemProxy */;
		};
/* End PBXTargetDependency section */

/* Begin XCBuildConfiguration section */
		1286BCC52A541DE7007B1BB7 /* Debug */ = {
			isa = XCBuildConfiguration;
			buildSettings = {
				ALWAYS_SEARCH_USER_PATHS = NO;
				CLANG_ANALYZER_NONNULL = YES;
				CLANG_ANALYZER_NUMBER_OBJECT_CONVERSION = YES_AGGRESSIVE;
				CLANG_CXX_LANGUAGE_STANDARD = "gnu++17";
				CLANG_CXX_LIBRARY = "libc++";
				CLANG_ENABLE_MODULES = YES;
				CLANG_ENABLE_OBJC_ARC = YES;
				CLANG_ENABLE_OBJC_WEAK = YES;
				CLANG_WARN_BLOCK_CAPTURE_AUTORELEASING = YES;
				CLANG_WARN_BOOL_CONVERSION = YES;
				CLANG_WARN_COMMA = YES;
				CLANG_WARN_CONSTANT_CONVERSION = YES;
				CLANG_WARN_DEPRECATED_OBJC_IMPLEMENTATIONS = YES;
				CLANG_WARN_DIRECT_OBJC_ISA_USAGE = YES_ERROR;
				CLANG_WARN_DOCUMENTATION_COMMENTS = YES;
				CLANG_WARN_EMPTY_BODY = YES;
				CLANG_WARN_ENUM_CONVERSION = YES;
				CLANG_WARN_INFINITE_RECURSION = YES;
				CLANG_WARN_INT_CONVERSION = YES;
				CLANG_WARN_NON_LITERAL_NULL_CONVERSION = YES;
				CLANG_WARN_OBJC_IMPLICIT_RETAIN_SELF = YES;
				CLANG_WARN_OBJC_LITERAL_CONVERSION = YES;
				CLANG_WARN_OBJC_ROOT_CLASS = YES_ERROR;
				CLANG_WARN_QUOTED_INCLUDE_IN_FRAMEWORK_HEADER = YES;
				CLANG_WARN_RANGE_LOOP_ANALYSIS = YES;
				CLANG_WARN_STRICT_PROTOTYPES = YES;
				CLANG_WARN_SUSPICIOUS_MOVE = YES;
				CLANG_WARN_UNGUARDED_AVAILABILITY = YES_AGGRESSIVE;
				CLANG_WARN_UNREACHABLE_CODE = YES;
				CLANG_WARN__DUPLICATE_METHOD_MATCH = YES;
				COPY_PHASE_STRIP = NO;
				DEBUG_INFORMATION_FORMAT = dwarf;
				ENABLE_STRICT_OBJC_MSGSEND = YES;
				ENABLE_TESTABILITY = YES;
				GCC_C_LANGUAGE_STANDARD = gnu11;
				GCC_DYNAMIC_NO_PIC = NO;
				GCC_NO_COMMON_BLOCKS = YES;
				GCC_OPTIMIZATION_LEVEL = 0;
				GCC_PREPROCESSOR_DEFINITIONS = (
					"DEBUG=1",
					"$(inherited)",
				);
				GCC_WARN_64_TO_32_BIT_CONVERSION = YES;
				GCC_WARN_ABOUT_RETURN_TYPE = YES_ERROR;
				GCC_WARN_UNDECLARED_SELECTOR = YES;
				GCC_WARN_UNINITIALIZED_AUTOS = YES_AGGRESSIVE;
				GCC_WARN_UNUSED_FUNCTION = YES;
				GCC_WARN_UNUSED_VARIABLE = YES;
				IPHONEOS_DEPLOYMENT_TARGET = 15.2;
				MTL_ENABLE_DEBUG_INFO = INCLUDE_SOURCE;
				MTL_FAST_MATH = YES;
				ONLY_ACTIVE_ARCH = YES;
				SDKROOT = iphoneos;
				SWIFT_ACTIVE_COMPILATION_CONDITIONS = DEBUG;
				SWIFT_OPTIMIZATION_LEVEL = "-Onone";
			};
			name = Debug;
		};
		1286BCC62A541DE7007B1BB7 /* Release */ = {
			isa = XCBuildConfiguration;
			buildSettings = {
				ALWAYS_SEARCH_USER_PATHS = NO;
				CLANG_ANALYZER_NONNULL = YES;
				CLANG_ANALYZER_NUMBER_OBJECT_CONVERSION = YES_AGGRESSIVE;
				CLANG_CXX_LANGUAGE_STANDARD = "gnu++17";
				CLANG_CXX_LIBRARY = "libc++";
				CLANG_ENABLE_MODULES = YES;
				CLANG_ENABLE_OBJC_ARC = YES;
				CLANG_ENABLE_OBJC_WEAK = YES;
				CLANG_WARN_BLOCK_CAPTURE_AUTORELEASING = YES;
				CLANG_WARN_BOOL_CONVERSION = YES;
				CLANG_WARN_COMMA = YES;
				CLANG_WARN_CONSTANT_CONVERSION = YES;
				CLANG_WARN_DEPRECATED_OBJC_IMPLEMENTATIONS = YES;
				CLANG_WARN_DIRECT_OBJC_ISA_USAGE = YES_ERROR;
				CLANG_WARN_DOCUMENTATION_COMMENTS = YES;
				CLANG_WARN_EMPTY_BODY = YES;
				CLANG_WARN_ENUM_CONVERSION = YES;
				CLANG_WARN_INFINITE_RECURSION = YES;
				CLANG_WARN_INT_CONVERSION = YES;
				CLANG_WARN_NON_LITERAL_NULL_CONVERSION = YES;
				CLANG_WARN_OBJC_IMPLICIT_RETAIN_SELF = YES;
				CLANG_WARN_OBJC_LITERAL_CONVERSION = YES;
				CLANG_WARN_OBJC_ROOT_CLASS = YES_ERROR;
				CLANG_WARN_QUOTED_INCLUDE_IN_FRAMEWORK_HEADER = YES;
				CLANG_WARN_RANGE_LOOP_ANALYSIS = YES;
				CLANG_WARN_STRICT_PROTOTYPES = YES;
				CLANG_WARN_SUSPICIOUS_MOVE = YES;
				CLANG_WARN_UNGUARDED_AVAILABILITY = YES_AGGRESSIVE;
				CLANG_WARN_UNREACHABLE_CODE = YES;
				CLANG_WARN__DUPLICATE_METHOD_MATCH = YES;
				COPY_PHASE_STRIP = NO;
				DEBUG_INFORMATION_FORMAT = "dwarf-with-dsym";
				ENABLE_NS_ASSERTIONS = NO;
				ENABLE_STRICT_OBJC_MSGSEND = YES;
				GCC_C_LANGUAGE_STANDARD = gnu11;
				GCC_NO_COMMON_BLOCKS = YES;
				GCC_WARN_64_TO_32_BIT_CONVERSION = YES;
				GCC_WARN_ABOUT_RETURN_TYPE = YES_ERROR;
				GCC_WARN_UNDECLARED_SELECTOR = YES;
				GCC_WARN_UNINITIALIZED_AUTOS = YES_AGGRESSIVE;
				GCC_WARN_UNUSED_FUNCTION = YES;
				GCC_WARN_UNUSED_VARIABLE = YES;
				IPHONEOS_DEPLOYMENT_TARGET = 15.2;
				MTL_ENABLE_DEBUG_INFO = NO;
				MTL_FAST_MATH = YES;
				SDKROOT = iphoneos;
				SWIFT_COMPILATION_MODE = wholemodule;
				SWIFT_OPTIMIZATION_LEVEL = "-O";
				VALIDATE_PRODUCT = YES;
			};
			name = Release;
		};
		1286BCC82A541DE7007B1BB7 /* Debug */ = {
			isa = XCBuildConfiguration;
			buildSettings = {
				ASSETCATALOG_COMPILER_APPICON_NAME = AppIcon;
				ASSETCATALOG_COMPILER_GLOBAL_ACCENT_COLOR_NAME = AccentColor;
				CODE_SIGN_STYLE = Automatic;
				CURRENT_PROJECT_VERSION = 1;
				DEVELOPMENT_ASSET_PATHS = "\"Project Expo/Preview Content\"";
				ENABLE_PREVIEWS = YES;
				GENERATE_INFOPLIST_FILE = YES;
				INFOPLIST_KEY_UIApplicationSceneManifest_Generation = YES;
				INFOPLIST_KEY_UIApplicationSupportsIndirectInputEvents = YES;
				INFOPLIST_KEY_UILaunchScreen_Generation = YES;
				INFOPLIST_KEY_UISupportedInterfaceOrientations_iPad = "UIInterfaceOrientationPortrait UIInterfaceOrientationPortraitUpsideDown UIInterfaceOrientationLandscapeLeft UIInterfaceOrientationLandscapeRight";
				INFOPLIST_KEY_UISupportedInterfaceOrientations_iPhone = "UIInterfaceOrientationPortrait UIInterfaceOrientationLandscapeLeft UIInterfaceOrientationLandscapeRight";
				LD_RUNPATH_SEARCH_PATHS = (
					"$(inherited)",
					"@executable_path/Frameworks",
				);
				MARKETING_VERSION = 1.0;
				PRODUCT_BUNDLE_IDENTIFIER = "FundRaiser.Project-Expo";
				PRODUCT_NAME = "$(TARGET_NAME)";
				SWIFT_EMIT_LOC_STRINGS = YES;
				SWIFT_VERSION = 5.0;
				TARGETED_DEVICE_FAMILY = "1,2";
			};
			name = Debug;
		};
		1286BCC92A541DE7007B1BB7 /* Release */ = {
			isa = XCBuildConfiguration;
			buildSettings = {
				ASSETCATALOG_COMPILER_APPICON_NAME = AppIcon;
				ASSETCATALOG_COMPILER_GLOBAL_ACCENT_COLOR_NAME = AccentColor;
				CODE_SIGN_STYLE = Automatic;
				CURRENT_PROJECT_VERSION = 1;
				DEVELOPMENT_ASSET_PATHS = "\"Project Expo/Preview Content\"";
				ENABLE_PREVIEWS = YES;
				GENERATE_INFOPLIST_FILE = YES;
				INFOPLIST_KEY_UIApplicationSceneManifest_Generation = YES;
				INFOPLIST_KEY_UIApplicationSupportsIndirectInputEvents = YES;
				INFOPLIST_KEY_UILaunchScreen_Generation = YES;
				INFOPLIST_KEY_UISupportedInterfaceOrientations_iPad = "UIInterfaceOrientationPortrait UIInterfaceOrientationPortraitUpsideDown UIInterfaceOrientationLandscapeLeft UIInterfaceOrientationLandscapeRight";
				INFOPLIST_KEY_UISupportedInterfaceOrientations_iPhone = "UIInterfaceOrientationPortrait UIInterfaceOrientationLandscapeLeft UIInterfaceOrientationLandscapeRight";
				LD_RUNPATH_SEARCH_PATHS = (
					"$(inherited)",
					"@executable_path/Frameworks",
				);
				MARKETING_VERSION = 1.0;
				PRODUCT_BUNDLE_IDENTIFIER = "FundRaiser.Project-Expo";
				PRODUCT_NAME = "$(TARGET_NAME)";
				SWIFT_EMIT_LOC_STRINGS = YES;
				SWIFT_VERSION = 5.0;
				TARGETED_DEVICE_FAMILY = "1,2";
			};
			name = Release;
		};
		1286BCCB2A541DE7007B1BB7 /* Debug */ = {
			isa = XCBuildConfiguration;
			buildSettings = {
				ALWAYS_EMBED_SWIFT_STANDARD_LIBRARIES = YES;
				BUNDLE_LOADER = "$(TEST_HOST)";
				CODE_SIGN_STYLE = Automatic;
				CURRENT_PROJECT_VERSION = 1;
				GENERATE_INFOPLIST_FILE = YES;
				IPHONEOS_DEPLOYMENT_TARGET = 15.2;
				MARKETING_VERSION = 1.0;
				PRODUCT_BUNDLE_IDENTIFIER = "FundRaiser.Project-ExpoTests";
				PRODUCT_NAME = "$(TARGET_NAME)";
				SWIFT_EMIT_LOC_STRINGS = NO;
				SWIFT_VERSION = 5.0;
				TARGETED_DEVICE_FAMILY = "1,2";
				TEST_HOST = "$(BUILT_PRODUCTS_DIR)/Project Expo.app/Project Expo";
			};
			name = Debug;
		};
		1286BCCC2A541DE7007B1BB7 /* Release */ = {
			isa = XCBuildConfiguration;
			buildSettings = {
				ALWAYS_EMBED_SWIFT_STANDARD_LIBRARIES = YES;
				BUNDLE_LOADER = "$(TEST_HOST)";
				CODE_SIGN_STYLE = Automatic;
				CURRENT_PROJECT_VERSION = 1;
				GENERATE_INFOPLIST_FILE = YES;
				IPHONEOS_DEPLOYMENT_TARGET = 15.2;
				MARKETING_VERSION = 1.0;
				PRODUCT_BUNDLE_IDENTIFIER = "FundRaiser.Project-ExpoTests";
				PRODUCT_NAME = "$(TARGET_NAME)";
				SWIFT_EMIT_LOC_STRINGS = NO;
				SWIFT_VERSION = 5.0;
				TARGETED_DEVICE_FAMILY = "1,2";
				TEST_HOST = "$(BUILT_PRODUCTS_DIR)/Project Expo.app/Project Expo";
			};
			name = Release;
		};
		1286BCCE2A541DE7007B1BB7 /* Debug */ = {
			isa = XCBuildConfiguration;
			buildSettings = {
				ALWAYS_EMBED_SWIFT_STANDARD_LIBRARIES = YES;
				CODE_SIGN_STYLE = Automatic;
				CURRENT_PROJECT_VERSION = 1;
				GENERATE_INFOPLIST_FILE = YES;
				MARKETING_VERSION = 1.0;
				PRODUCT_BUNDLE_IDENTIFIER = "FundRaiser.Project-ExpoUITests";
				PRODUCT_NAME = "$(TARGET_NAME)";
				SWIFT_EMIT_LOC_STRINGS = NO;
				SWIFT_VERSION = 5.0;
				TARGETED_DEVICE_FAMILY = "1,2";
				TEST_TARGET_NAME = "Project Expo";
			};
			name = Debug;
		};
		1286BCCF2A541DE7007B1BB7 /* Release */ = {
			isa = XCBuildConfiguration;
			buildSettings = {
				ALWAYS_EMBED_SWIFT_STANDARD_LIBRARIES = YES;
				CODE_SIGN_STYLE = Automatic;
				CURRENT_PROJECT_VERSION = 1;
				GENERATE_INFOPLIST_FILE = YES;
				MARKETING_VERSION = 1.0;
				PRODUCT_BUNDLE_IDENTIFIER = "FundRaiser.Project-ExpoUITests";
				PRODUCT_NAME = "$(TARGET_NAME)";
				SWIFT_EMIT_LOC_STRINGS = NO;
				SWIFT_VERSION = 5.0;
				TARGETED_DEVICE_FAMILY = "1,2";
				TEST_TARGET_NAME = "Project Expo";
			};
			name = Release;
		};
/* End XCBuildConfiguration section */

/* Begin XCConfigurationList section */
		1286BC9E2A541DE4007B1BB7 /* Build configuration list for PBXProject "Project Expo" */ = {
			isa = XCConfigurationList;
			buildConfigurations = (
				1286BCC52A541DE7007B1BB7 /* Debug */,
				1286BCC62A541DE7007B1BB7 /* Release */,
			);
			defaultConfigurationIsVisible = 0;
			defaultConfigurationName = Release;
		};
		1286BCC72A541DE7007B1BB7 /* Build configuration list for PBXNativeTarget "Project Expo" */ = {
			isa = XCConfigurationList;
			buildConfigurations = (
				1286BCC82A541DE7007B1BB7 /* Debug */,
				1286BCC92A541DE7007B1BB7 /* Release */,
			);
			defaultConfigurationIsVisible = 0;
			defaultConfigurationName = Release;
		};
		1286BCCA2A541DE7007B1BB7 /* Build configuration list for PBXNativeTarget "Project ExpoTests" */ = {
			isa = XCConfigurationList;
			buildConfigurations = (
				1286BCCB2A541DE7007B1BB7 /* Debug */,
				1286BCCC2A541DE7007B1BB7 /* Release */,
			);
			defaultConfigurationIsVisible = 0;
			defaultConfigurationName = Release;
		};
		1286BCCD2A541DE7007B1BB7 /* Build configuration list for PBXNativeTarget "Project ExpoUITests" */ = {
			isa = XCConfigurationList;
			buildConfigurations = (
				1286BCCE2A541DE7007B1BB7 /* Debug */,
				1286BCCF2A541DE7007B1BB7 /* Release */,
			);
			defaultConfigurationIsVisible = 0;
			defaultConfigurationName = Release;
		};
/* End XCConfigurationList section */
	};
	rootObject = 1286BC9B2A541DE4007B1BB7 /* Project object */;
}
